
Microsoft Visual Studio Solution File, Format Version 12.00
# Visual Studio Version 17
VisualStudioVersion = 17.11.35327.3
MinimumVisualStudioVersion = 10.0.40219.1
Project("{8BC9CEB8-8B4A-11D0-8D11-00A0C91BC942}") = "LAB 3 ZAD 1", "LAB 3 ZAD 1\LAB 3 ZAD 1.vcxproj", "{7F8106CD-2682-4EFF-B1D9-E34FF70103A8}"
EndProject
Project("{8BC9CEB8-8B4A-11D0-8D11-00A0C91BC942}") = "LAB 3 ZAD 2", "..\LAB 3 ZAD 2\LAB 3 ZAD 2\LAB 3 ZAD 2.vcxproj", "{91A264D0-EE42-48E7-8CC5-DB675AE9A6D8}"
EndProject
Global
	GlobalSection(SolutionConfigurationPlatforms) = preSolution
		Debug|x64 = Debug|x64
		Debug|x86 = Debug|x86
		Release|x64 = Release|x64
		Release|x86 = Release|x86
	EndGlobalSection
	GlobalSection(ProjectConfigurationPlatforms) = postSolution
		{7F8106CD-2682-4EFF-B1D9-E34FF70103A8}.Debug|x64.ActiveCfg = Debug|x64
		{7F8106CD-2682-4EFF-B1D9-E34FF70103A8}.Debug|x64.Build.0 = Debug|x64
		{7F8106CD-2682-4EFF-B1D9-E34FF70103A8}.Debug|x86.ActiveCfg = Debug|Win32
		{7F8106CD-2682-4EFF-B1D9-E34FF70103A8}.Debug|x86.Build.0 = Debug|Win32
		{7F8106CD-2682-4EFF-B1D9-E34FF70103A8}.Release|x64.ActiveCfg = Release|x64
		{7F8106CD-2682-4EFF-B1D9-E34FF70103A8}.Release|x64.Build.0 = Release|x64
		{7F8106CD-2682-4EFF-B1D9-E34FF70103A8}.Release|x86.ActiveCfg = Release|Win32
		{7F8106CD-2682-4EFF-B1D9-E34FF70103A8}.Release|x86.Build.0 = Release|Win32
		{91A264D0-EE42-48E7-8CC5-DB675AE9A6D8}.Debug|x64.ActiveCfg = Debug|x64
		{91A264D0-EE42-48E7-8CC5-DB675AE9A6D8}.Debug|x64.Build.0 = Debug|x64
		{91A264D0-EE42-48E7-8CC5-DB675AE9A6D8}.Debug|x86.ActiveCfg = Debug|Win32
		{91A264D0-EE42-48E7-8CC5-DB675AE9A6D8}.Debug|x86.Build.0 = Debug|Win32
		{91A264D0-EE42-48E7-8CC5-DB675AE9A6D8}.Release|x64.ActiveCfg = Release|x64
		{91A264D0-EE42-48E7-8CC5-DB675AE9A6D8}.Release|x64.Build.0 = Release|x64
		{91A264D0-EE42-48E7-8CC5-DB675AE9A6D8}.Release|x86.ActiveCfg = Release|Win32
		{91A264D0-EE42-48E7-8CC5-DB675AE9A6D8}.Release|x86.Build.0 = Release|Win32
	EndGlobalSection
	GlobalSection(SolutionProperties) = preSolution
		HideSolutionNode = FALSE
	EndGlobalSection
	GlobalSection(ExtensibilityGlobals) = postSolution
		SolutionGuid = {31B5A41B-634D-4C73-8E0C-3B8E92649ED9}
	EndGlobalSection
EndGlobal
